
Microsoft Visual Studio Solution File, Format Version 12.00
# Visual Studio Version 16
VisualStudioVersion = 16.0.31729.503
MinimumVisualStudioVersion = 10.0.40219.1
Project("{8BC9CEB8-8B4A-11D0-8D11-00A0C91BC942}") = "v2", "v2\v2.vcxproj", "{3312164A-9F72-4FF2-B12B-F349C576EF2C}"
EndProject
Project("{8BC9CEB8-8B4A-11D0-8D11-00A0C91BC942}") = "v2test", "v2test\v2test.vcxproj", "{4690D69E-D5D1-459B-A149-E11822B43899}"
EndProject
Global
	GlobalSection(SolutionConfigurationPlatforms) = preSolution
		Debug|x64 = Debug|x64
		Debug|x86 = Debug|x86
		Release|x64 = Release|x64
		Release|x86 = Release|x86
	EndGlobalSection
	GlobalSection(ProjectConfigurationPlatforms) = postSolution
		{3312164A-9F72-4FF2-B12B-F349C576EF2C}.Debug|x64.ActiveCfg = Debug|x64
		{3312164A-9F72-4FF2-B12B-F349C576EF2C}.Debug|x64.Build.0 = Debug|x64
		{3312164A-9F72-4FF2-B12B-F349C576EF2C}.Debug|x86.ActiveCfg = Debug|Win32
		{3312164A-9F72-4FF2-B12B-F349C576EF2C}.Debug|x86.Build.0 = Debug|Win32
		{3312164A-9F72-4FF2-B12B-F349C576EF2C}.Release|x64.ActiveCfg = Release|x64
		{3312164A-9F72-4FF2-B12B-F349C576EF2C}.Release|x64.Build.0 = Release|x64
		{3312164A-9F72-4FF2-B12B-F349C576EF2C}.Release|x86.ActiveCfg = Release|Win32
		{3312164A-9F72-4FF2-B12B-F349C576EF2C}.Release|x86.Build.0 = Release|Win32
		{4690D69E-D5D1-459B-A149-E11822B43899}.Debug|x64.ActiveCfg = Debug|x64
		{4690D69E-D5D1-459B-A149-E11822B43899}.Debug|x64.Build.0 = Debug|x64
		{4690D69E-D5D1-459B-A149-E11822B43899}.Debug|x86.ActiveCfg = Debug|Win32
		{4690D69E-D5D1-459B-A149-E11822B43899}.Debug|x86.Build.0 = Debug|Win32
		{4690D69E-D5D1-459B-A149-E11822B43899}.Release|x64.ActiveCfg = Release|x64
		{4690D69E-D5D1-459B-A149-E11822B43899}.Release|x64.Build.0 = Release|x64
		{4690D69E-D5D1-459B-A149-E11822B43899}.Release|x86.ActiveCfg = Release|Win32
		{4690D69E-D5D1-459B-A149-E11822B43899}.Release|x86.Build.0 = Release|Win32
	EndGlobalSection
	GlobalSection(SolutionProperties) = preSolution
		HideSolutionNode = FALSE
	EndGlobalSection
	GlobalSection(ExtensibilityGlobals) = postSolution
		SolutionGuid = {4D9D4D90-90AB-4525-B9CF-C73F84F500C6}
	EndGlobalSection
EndGlobal
